
Microsoft Visual Studio Solution File, Format Version 12.00
# Visual Studio 15
VisualStudioVersion = 15.0.28307.329
MinimumVisualStudioVersion = 10.0.40219.1
Project("{FAE04EC0-301F-11D3-BF4B-00C04F79EFBC}") = "BackToBasic", "BackToBasic\BackToBasic.csproj", "{5C31C33E-4222-4065-9335-6D2A002F3E68}"
EndProject
Global
	GlobalSection(SolutionConfigurationPlatforms) = preSolution
		Debug|Any CPU = Debug|Any CPU
		Release|Any CPU = Release|Any CPU
	EndGlobalSection
	GlobalSection(ProjectConfigurationPlatforms) = postSolution
		{5C31C33E-4222-4065-9335-6D2A002F3E68}.Debug|Any CPU.ActiveCfg = Debug|Any CPU
		{5C31C33E-4222-4065-9335-6D2A002F3E68}.Debug|Any CPU.Build.0 = Debug|Any CPU
		{5C31C33E-4222-4065-9335-6D2A002F3E68}.Release|Any CPU.ActiveCfg = Release|Any CPU
		{5C31C33E-4222-4065-9335-6D2A002F3E68}.Release|Any CPU.Build.0 = Release|Any CPU
	EndGlobalSection
	GlobalSection(SolutionProperties) = preSolution
		HideSolutionNode = FALSE
	EndGlobalSection
	GlobalSection(ExtensibilityGlobals) = postSolution
		SolutionGuid = {937A88D7-5166-4F45-A75E-8D60EE6FC183}
	EndGlobalSection
EndGlobal
